# This file is generated by running "yarn install" inside your project.
# Manual changes might be lost - proceed with caution!

__metadata:
  version: 8
  cacheKey: 10c0

"@rails/ujs@npm:^7.1.3-4":
  version: 7.1.3-4
  resolution: "@rails/ujs@npm:7.1.3-4"
  checksum: 10c0/af352f9c5a85b068611eac422dbcb100a2d7db8abade0c23215455e262a4cd98297554356667183ef3ee6a07a8358afcb5d64242218d66c15c6d75c07e91b525
  languageName: node
  linkType: hard

"autoprefixer@npm:^10.4.21":
  version: 10.4.21
  resolution: "autoprefixer@npm:10.4.21"
  dependencies:
    browserslist: "npm:^4.24.4"
    caniuse-lite: "npm:^1.0.30001702"
    fraction.js: "npm:^4.3.7"
    normalize-range: "npm:^0.1.2"
    picocolors: "npm:^1.1.1"
    postcss-value-parser: "npm:^4.2.0"
  peerDependencies:
    postcss: ^8.1.0
  bin:
    autoprefixer: bin/autoprefixer
  checksum: 10c0/de5b71d26d0baff4bbfb3d59f7cf7114a6030c9eeb66167acf49a32c5b61c68e308f1e0f869d92334436a221035d08b51cd1b2f2c4689b8d955149423c16d4d4
  languageName: node
  linkType: hard

"browserslist@npm:^4.24.4":
  version: 4.25.1
  resolution: "browserslist@npm:4.25.1"
  dependencies:
    caniuse-lite: "npm:^1.0.30001726"
    electron-to-chromium: "npm:^1.5.173"
    node-releases: "npm:^2.0.19"
    update-browserslist-db: "npm:^1.1.3"
  bin:
    browserslist: cli.js
  checksum: 10c0/acba5f0bdbd5e72dafae1e6ec79235b7bad305ed104e082ed07c34c38c7cb8ea1bc0f6be1496958c40482e40166084458fc3aee15111f15faa79212ad9081b2a
  languageName: node
  linkType: hard

"caniuse-lite@npm:^1.0.30001702, caniuse-lite@npm:^1.0.30001726":
  version: 1.0.30001726
  resolution: "caniuse-lite@npm:1.0.30001726"
  checksum: 10c0/2c5f91da7fd9ebf8c6b432818b1498ea28aca8de22b30dafabe2a2a6da1e014f10e67e14f8e68e872a0867b6b4cd6001558dde04e3ab9770c9252ca5c8849d0e
  languageName: node
  linkType: hard

"electron-to-chromium@npm:^1.5.173":
  version: 1.5.177
  resolution: "electron-to-chromium@npm:1.5.177"
  checksum: 10c0/cf833a5ef576690e2c04a79dfbd9d73d85ae7215b6d3bd66d858e47940ddda567091688ddee0683454c89733c9acc7a4fb4dcbb2caa8c317639d9eb35074ab06
  languageName: node
  linkType: hard

"escalade@npm:^3.2.0":
  version: 3.2.0
  resolution: "escalade@npm:3.2.0"
  checksum: 10c0/ced4dd3a78e15897ed3be74e635110bbf3b08877b0a41be50dcb325ee0e0b5f65fc2d50e9845194d7c4633f327e2e1c6cce00a71b617c5673df0374201d67f65
  languageName: node
  linkType: hard

"fraction.js@npm:^4.3.7":
  version: 4.3.7
  resolution: "fraction.js@npm:4.3.7"
  checksum: 10c0/df291391beea9ab4c263487ffd9d17fed162dbb736982dee1379b2a8cc94e4e24e46ed508c6d278aded9080ba51872f1bc5f3a5fd8d7c74e5f105b508ac28711
  languageName: node
  linkType: hard

"jquery@npm:^3.7.1":
  version: 3.7.1
  resolution: "jquery@npm:3.7.1"
  checksum: 10c0/808cfbfb758438560224bf26e17fcd5afc7419170230c810dd11f5c1792e2263e2970cca8d659eb84fcd9acc301edb6d310096e450277d54be4f57071b0c82d9
  languageName: node
  linkType: hard

"nanoid@npm:^3.3.11":
  version: 3.3.11
  resolution: "nanoid@npm:3.3.11"
  bin:
    nanoid: bin/nanoid.cjs
  checksum: 10c0/40e7f70b3d15f725ca072dfc4f74e81fcf1fbb02e491cf58ac0c79093adc9b0a73b152bcde57df4b79cd097e13023d7504acb38404a4da7bc1cd8e887b82fe0b
  languageName: node
  linkType: hard

"node-releases@npm:^2.0.19":
  version: 2.0.19
  resolution: "node-releases@npm:2.0.19"
  checksum: 10c0/52a0dbd25ccf545892670d1551690fe0facb6a471e15f2cfa1b20142a5b255b3aa254af5f59d6ecb69c2bec7390bc643c43aa63b13bf5e64b6075952e716b1aa
  languageName: node
  linkType: hard

"normalize-range@npm:^0.1.2":
  version: 0.1.2
  resolution: "normalize-range@npm:0.1.2"
  checksum: 10c0/bf39b73a63e0a42ad1a48c2bd1bda5a07ede64a7e2567307a407674e595bcff0fa0d57e8e5f1e7fa5e91000797c7615e13613227aaaa4d6d6e87f5bd5cc95de6
  languageName: node
  linkType: hard

"picocolors@npm:^1.1.1":
  version: 1.1.1
  resolution: "picocolors@npm:1.1.1"
  checksum: 10c0/e2e3e8170ab9d7c7421969adaa7e1b31434f789afb9b3f115f6b96d91945041ac3ceb02e9ec6fe6510ff036bcc0bf91e69a1772edc0b707e12b19c0f2d6bcf58
  languageName: node
  linkType: hard

"postcss-value-parser@npm:^4.2.0":
  version: 4.2.0
  resolution: "postcss-value-parser@npm:4.2.0"
  checksum: 10c0/f4142a4f56565f77c1831168e04e3effd9ffcc5aebaf0f538eee4b2d465adfd4b85a44257bb48418202a63806a7da7fe9f56c330aebb3cac898e46b4cbf49161
  languageName: node
  linkType: hard

"postcss@npm:^8.5.6":
  version: 8.5.6
  resolution: "postcss@npm:8.5.6"
  dependencies:
    nanoid: "npm:^3.3.11"
    picocolors: "npm:^1.1.1"
    source-map-js: "npm:^1.2.1"
  checksum: 10c0/5127cc7c91ed7a133a1b7318012d8bfa112da9ef092dddf369ae699a1f10ebbd89b1b9f25f3228795b84585c72aabd5ced5fc11f2ba467eedf7b081a66fad024
  languageName: node
  linkType: hard

"root-workspace-0b6124@workspace:.":
  version: 0.0.0-use.local
  resolution: "root-workspace-0b6124@workspace:."
  dependencies:
    "@rails/ujs": "npm:^7.1.3-4"
    autoprefixer: "npm:^10.4.21"
    jquery: "npm:^3.7.1"
    postcss: "npm:^8.5.6"
    tailwindcss: "npm:^4.1.11"
  languageName: unknown
  linkType: soft

"source-map-js@npm:^1.2.1":
  version: 1.2.1
  resolution: "source-map-js@npm:1.2.1"
  checksum: 10c0/7bda1fc4c197e3c6ff17de1b8b2c20e60af81b63a52cb32ec5a5d67a20a7d42651e2cb34ebe93833c5a2a084377e17455854fee3e21e7925c64a51b6a52b0faf
  languageName: node
  linkType: hard

"tailwindcss@npm:^4.1.11":
  version: 4.1.11
  resolution: "tailwindcss@npm:4.1.11"
  checksum: 10c0/e23eed0a0d6557b3aff8ba320b82758988ca67c351ee9b33dfc646e83a64f6eaeca6183dfc97e931f7b2fab46e925090066edd697d2ede3f396c9fdeb4af24c1
  languageName: node
  linkType: hard

"update-browserslist-db@npm:^1.1.3":
  version: 1.1.3
  resolution: "update-browserslist-db@npm:1.1.3"
  dependencies:
    escalade: "npm:^3.2.0"
    picocolors: "npm:^1.1.1"
  peerDependencies:
    browserslist: ">= 4.21.0"
  bin:
    update-browserslist-db: cli.js
  checksum: 10c0/682e8ecbf9de474a626f6462aa85927936cdd256fe584c6df2508b0df9f7362c44c957e9970df55dfe44d3623807d26316ea2c7d26b80bb76a16c56c37233c32
  languageName: node
  linkType: hard
